
Microsoft Visual Studio Solution File, Format Version 12.00
# Visual Studio Version 16
VisualStudioVersion = 16.0.32602.291
MinimumVisualStudioVersion = 10.0.40219.1
Project("{FAE04EC0-301F-11D3-BF4B-00C04F79EFBC}") = "MyLogic", "CalApp\MyLogic.csproj", "{39DFC1FF-96FD-46E3-AAD6-A61200F48231}"
EndProject
Project("{FAE04EC0-301F-11D3-BF4B-00C04F79EFBC}") = "MyModel", "MyModel\MyModel.csproj", "{0B7CF22A-F47A-4B7B-886C-A8A689E0E684}"
EndProject
Project("{FAE04EC0-301F-11D3-BF4B-00C04F79EFBC}") = "MyController", "MyController\MyController.csproj", "{AAC081F1-1484-4905-8F54-68612D96A003}"
EndProject
Global
	GlobalSection(SolutionConfigurationPlatforms) = preSolution
		Debug|Any CPU = Debug|Any CPU
		Release|Any CPU = Release|Any CPU
	EndGlobalSection
	GlobalSection(ProjectConfigurationPlatforms) = postSolution
		{39DFC1FF-96FD-46E3-AAD6-A61200F48231}.Debug|Any CPU.ActiveCfg = Debug|Any CPU
		{39DFC1FF-96FD-46E3-AAD6-A61200F48231}.Debug|Any CPU.Build.0 = Debug|Any CPU
		{39DFC1FF-96FD-46E3-AAD6-A61200F48231}.Release|Any CPU.ActiveCfg = Release|Any CPU
		{39DFC1FF-96FD-46E3-AAD6-A61200F48231}.Release|Any CPU.Build.0 = Release|Any CPU
		{0B7CF22A-F47A-4B7B-886C-A8A689E0E684}.Debug|Any CPU.ActiveCfg = Debug|Any CPU
		{0B7CF22A-F47A-4B7B-886C-A8A689E0E684}.Debug|Any CPU.Build.0 = Debug|Any CPU
		{0B7CF22A-F47A-4B7B-886C-A8A689E0E684}.Release|Any CPU.ActiveCfg = Release|Any CPU
		{0B7CF22A-F47A-4B7B-886C-A8A689E0E684}.Release|Any CPU.Build.0 = Release|Any CPU
		{AAC081F1-1484-4905-8F54-68612D96A003}.Debug|Any CPU.ActiveCfg = Debug|Any CPU
		{AAC081F1-1484-4905-8F54-68612D96A003}.Debug|Any CPU.Build.0 = Debug|Any CPU
		{AAC081F1-1484-4905-8F54-68612D96A003}.Release|Any CPU.ActiveCfg = Release|Any CPU
		{AAC081F1-1484-4905-8F54-68612D96A003}.Release|Any CPU.Build.0 = Release|Any CPU
	EndGlobalSection
	GlobalSection(SolutionProperties) = preSolution
		HideSolutionNode = FALSE
	EndGlobalSection
	GlobalSection(ExtensibilityGlobals) = postSolution
		SolutionGuid = {E559672F-9B54-4BC2-901E-489159CABEE8}
	EndGlobalSection
EndGlobal
